// !$*UTF8*$!
{
	archiveVersion = 1;
	classes = {
	};
	objectVersion = 77;
	objects = {

/* Begin PBXBuildFile section */
		6970B6682EBED9F40003DB83 /* Assets.xcassets in Resources */ = {isa = PBXBuildFile; fileRef = 6970B6642EBED9F40003DB83 /* Assets.xcassets */; };
		6970B66A2EBED9F40003DB83 /* FoodScanApp.swift in Sources */ = {isa = PBXBuildFile; fileRef = 6970B6662EBED9F40003DB83 /* FoodScanApp.swift */; };
		6970B66E2EBEDA300003DB83 /* SearchResponseEntity.swift in Sources */ = {isa = PBXBuildFile; fileRef = 6970B66D2EBEDA300003DB83 /* SearchResponseEntity.swift */; };
		6970B6732EC07B4C0003DB83 /* OpenFoodFactsAPI.swift in Sources */ = {isa = PBXBuildFile; fileRef = 6970B6722EC07B4C0003DB83 /* OpenFoodFactsAPI.swift */; };
		6970B6742EC07B4C0003DB83 /* OpenFoodFactsAPI.swift in Sources */ = {isa = PBXBuildFile; fileRef = 6970B6722EC07B4C0003DB83 /* OpenFoodFactsAPI.swift */; };
		6970B6792EC0B1F10003DB83 /* OpenFoodFactsAPIError.swift in Sources */ = {isa = PBXBuildFile; fileRef = 6970B6782EC0B1F10003DB83 /* OpenFoodFactsAPIError.swift */; };
		6970B6A22EC0E98B0003DB83 /* SplashScreenView.swift in Sources */ = {isa = PBXBuildFile; fileRef = 6970B6A12EC0E98B0003DB83 /* SplashScreenView.swift */; };
		6970B6A42EC0E9C20003DB83 /* RootView.swift in Sources */ = {isa = PBXBuildFile; fileRef = 6970B6A32EC0E9C20003DB83 /* RootView.swift */; };
		6970B6A62EC0EC980003DB83 /* SelectSearchTypeView.swift in Sources */ = {isa = PBXBuildFile; fileRef = 6970B6A52EC0EC980003DB83 /* SelectSearchTypeView.swift */; };
		6970B6A92EC0F0700003DB83 /* Router.swift in Sources */ = {isa = PBXBuildFile; fileRef = 6970B6A82EC0F0700003DB83 /* Router.swift */; };
		6970B6AB2EC195E60003DB83 /* SearchResultView.swift in Sources */ = {isa = PBXBuildFile; fileRef = 6970B6AA2EC195E60003DB83 /* SearchResultView.swift */; };
		6970B6AD2EC195F30003DB83 /* BarcodeSearchView.swift in Sources */ = {isa = PBXBuildFile; fileRef = 6970B6AC2EC195F30003DB83 /* BarcodeSearchView.swift */; };
		6970B6AF2EC1961C0003DB83 /* TextSearchView.swift in Sources */ = {isa = PBXBuildFile; fileRef = 6970B6AE2EC1961C0003DB83 /* TextSearchView.swift */; };
		6970B6B12EC196600003DB83 /* SearchResultDetailView.swift in Sources */ = {isa = PBXBuildFile; fileRef = 6970B6B02EC196600003DB83 /* SearchResultDetailView.swift */; };
/* End PBXBuildFile section */

/* Begin PBXContainerItemProxy section */
		6970B6462EBC90590003DB83 /* PBXContainerItemProxy */ = {
			isa = PBXContainerItemProxy;
			containerPortal = 6970B6302EBC90560003DB83 /* Project object */;
			proxyType = 1;
			remoteGlobalIDString = 6970B6372EBC90560003DB83;
			remoteInfo = FoodScan;
		};
		6970B6502EBC90590003DB83 /* PBXContainerItemProxy */ = {
			isa = PBXContainerItemProxy;
			containerPortal = 6970B6302EBC90560003DB83 /* Project object */;
			proxyType = 1;
			remoteGlobalIDString = 6970B6372EBC90560003DB83;
			remoteInfo = FoodScan;
		};
/* End PBXContainerItemProxy section */

/* Begin PBXFileReference section */
		6970B6382EBC90560003DB83 /* FoodScan.app */ = {isa = PBXFileReference; explicitFileType = wrapper.application; includeInIndex = 0; path = FoodScan.app; sourceTree = BUILT_PRODUCTS_DIR; };
		6970B6452EBC90590003DB83 /* FoodScanTests.xctest */ = {isa = PBXFileReference; explicitFileType = wrapper.cfbundle; includeInIndex = 0; path = FoodScanTests.xctest; sourceTree = BUILT_PRODUCTS_DIR; };
		6970B64F2EBC90590003DB83 /* FoodScanUITests.xctest */ = {isa = PBXFileReference; explicitFileType = wrapper.cfbundle; includeInIndex = 0; path = FoodScanUITests.xctest; sourceTree = BUILT_PRODUCTS_DIR; };
		6970B6642EBED9F40003DB83 /* Assets.xcassets */ = {isa = PBXFileReference; lastKnownFileType = folder.assetcatalog; path = Assets.xcassets; sourceTree = "<group>"; };
		6970B6662EBED9F40003DB83 /* FoodScanApp.swift */ = {isa = PBXFileReference; lastKnownFileType = sourcecode.swift; path = FoodScanApp.swift; sourceTree = "<group>"; };
		6970B66D2EBEDA300003DB83 /* SearchResponseEntity.swift */ = {isa = PBXFileReference; lastKnownFileType = sourcecode.swift; path = SearchResponseEntity.swift; sourceTree = "<group>"; };
		6970B6722EC07B4C0003DB83 /* OpenFoodFactsAPI.swift */ = {isa = PBXFileReference; lastKnownFileType = sourcecode.swift; path = OpenFoodFactsAPI.swift; sourceTree = "<group>"; };
		6970B6782EC0B1F10003DB83 /* OpenFoodFactsAPIError.swift */ = {isa = PBXFileReference; lastKnownFileType = sourcecode.swift; path = OpenFoodFactsAPIError.swift; sourceTree = "<group>"; };
		6970B6A12EC0E98B0003DB83 /* SplashScreenView.swift */ = {isa = PBXFileReference; lastKnownFileType = sourcecode.swift; path = SplashScreenView.swift; sourceTree = "<group>"; };
		6970B6A32EC0E9C20003DB83 /* RootView.swift */ = {isa = PBXFileReference; lastKnownFileType = sourcecode.swift; path = RootView.swift; sourceTree = "<group>"; };
		6970B6A52EC0EC980003DB83 /* SelectSearchTypeView.swift */ = {isa = PBXFileReference; lastKnownFileType = sourcecode.swift; path = SelectSearchTypeView.swift; sourceTree = "<group>"; };
		6970B6A82EC0F0700003DB83 /* Router.swift */ = {isa = PBXFileReference; lastKnownFileType = sourcecode.swift; path = Router.swift; sourceTree = "<group>"; };
		6970B6AA2EC195E60003DB83 /* SearchResultView.swift */ = {isa = PBXFileReference; lastKnownFileType = sourcecode.swift; path = SearchResultView.swift; sourceTree = "<group>"; };
		6970B6AC2EC195F30003DB83 /* BarcodeSearchView.swift */ = {isa = PBXFileReference; lastKnownFileType = sourcecode.swift; path = BarcodeSearchView.swift; sourceTree = "<group>"; };
		6970B6AE2EC1961C0003DB83 /* TextSearchView.swift */ = {isa = PBXFileReference; lastKnownFileType = sourcecode.swift; path = TextSearchView.swift; sourceTree = "<group>"; };
		6970B6B02EC196600003DB83 /* SearchResultDetailView.swift */ = {isa = PBXFileReference; lastKnownFileType = sourcecode.swift; path = SearchResultDetailView.swift; sourceTree = "<group>"; };
/* End PBXFileReference section */

/* Begin PBXFileSystemSynchronizedRootGroup section */
		6970B6482EBC90590003DB83 /* FoodScanTests */ = {
			isa = PBXFileSystemSynchronizedRootGroup;
			path = FoodScanTests;
			sourceTree = "<group>";
		};
		6970B6522EBC90590003DB83 /* FoodScanUITests */ = {
			isa = PBXFileSystemSynchronizedRootGroup;
			path = FoodScanUITests;
			sourceTree = "<group>";
		};
/* End PBXFileSystemSynchronizedRootGroup section */

/* Begin PBXFrameworksBuildPhase section */
		6970B6352EBC90560003DB83 /* Frameworks */ = {
			isa = PBXFrameworksBuildPhase;
			buildActionMask = 2147483647;
			files = (
			);
			runOnlyForDeploymentPostprocessing = 0;
		};
		6970B6422EBC90590003DB83 /* Frameworks */ = {
			isa = PBXFrameworksBuildPhase;
			buildActionMask = 2147483647;
			files = (
			);
			runOnlyForDeploymentPostprocessing = 0;
		};
		6970B64C2EBC90590003DB83 /* Frameworks */ = {
			isa = PBXFrameworksBuildPhase;
			buildActionMask = 2147483647;
			files = (
			);
			runOnlyForDeploymentPostprocessing = 0;
		};
/* End PBXFrameworksBuildPhase section */

/* Begin PBXGroup section */
		6970B62F2EBC90560003DB83 = {
			isa = PBXGroup;
			children = (
				6970B6672EBED9F40003DB83 /* FoodScan */,
				6970B6482EBC90590003DB83 /* FoodScanTests */,
				6970B6522EBC90590003DB83 /* FoodScanUITests */,
				6970B6392EBC90560003DB83 /* Products */,
			);
			sourceTree = "<group>";
		};
		6970B6392EBC90560003DB83 /* Products */ = {
			isa = PBXGroup;
			children = (
				6970B6382EBC90560003DB83 /* FoodScan.app */,
				6970B6452EBC90590003DB83 /* FoodScanTests.xctest */,
				6970B64F2EBC90590003DB83 /* FoodScanUITests.xctest */,
			);
			name = Products;
			sourceTree = "<group>";
		};
		6970B6632EBED9F40003DB83 /* Model */ = {
			isa = PBXGroup;
			children = (
				6970B66D2EBEDA300003DB83 /* SearchResponseEntity.swift */,
			);
			path = Model;
			sourceTree = "<group>";
		};
		6970B6672EBED9F40003DB83 /* FoodScan */ = {
			isa = PBXGroup;
			children = (
				6970B6642EBED9F40003DB83 /* Assets.xcassets */,
				6970B6A72EC0F0410003DB83 /* Manager */,
				6970B66B2EBED9FC0003DB83 /* View */,
				6970B66C2EBEDA040003DB83 /* ViewModel */,
				6970B6632EBED9F40003DB83 /* Model */,
				6970B6762EC0B18C0003DB83 /* Service */,
				6970B6772EC0B1D30003DB83 /* Error */,
			);
			path = FoodScan;
			sourceTree = "<group>";
		};
		6970B66B2EBED9FC0003DB83 /* View */ = {
			isa = PBXGroup;
			children = (
				6970B6662EBED9F40003DB83 /* FoodScanApp.swift */,
				6970B6A32EC0E9C20003DB83 /* RootView.swift */,
				6970B6A12EC0E98B0003DB83 /* SplashScreenView.swift */,
				6970B6A52EC0EC980003DB83 /* SelectSearchTypeView.swift */,
				6970B6AE2EC1961C0003DB83 /* TextSearchView.swift */,
				6970B6AC2EC195F30003DB83 /* BarcodeSearchView.swift */,
				6970B6AA2EC195E60003DB83 /* SearchResultView.swift */,
				6970B6B02EC196600003DB83 /* SearchResultDetailView.swift */,
			);
			path = View;
			sourceTree = "<group>";
		};
		6970B66C2EBEDA040003DB83 /* ViewModel */ = {
			isa = PBXGroup;
			children = (
			);
			path = ViewModel;
			sourceTree = "<group>";
		};
		6970B6762EC0B18C0003DB83 /* Service */ = {
			isa = PBXGroup;
			children = (
				6970B6722EC07B4C0003DB83 /* OpenFoodFactsAPI.swift */,
			);
			path = Service;
			sourceTree = "<group>";
		};
		6970B6772EC0B1D30003DB83 /* Error */ = {
			isa = PBXGroup;
			children = (
				6970B6782EC0B1F10003DB83 /* OpenFoodFactsAPIError.swift */,
			);
			path = Error;
			sourceTree = "<group>";
		};
		6970B6A72EC0F0410003DB83 /* Manager */ = {
			isa = PBXGroup;
			children = (
				6970B6A82EC0F0700003DB83 /* Router.swift */,
			);
			path = Manager;
			sourceTree = "<group>";
		};
/* End PBXGroup section */

/* Begin PBXNativeTarget section */
		6970B6372EBC90560003DB83 /* FoodScan */ = {
			isa = PBXNativeTarget;
			buildConfigurationList = 6970B6592EBC90590003DB83 /* Build configuration list for PBXNativeTarget "FoodScan" */;
			buildPhases = (
				6970B6342EBC90560003DB83 /* Sources */,
				6970B6352EBC90560003DB83 /* Frameworks */,
				6970B6362EBC90560003DB83 /* Resources */,
			);
			buildRules = (
			);
			dependencies = (
			);
			name = FoodScan;
			packageProductDependencies = (
			);
			productName = FoodScan;
			productReference = 6970B6382EBC90560003DB83 /* FoodScan.app */;
			productType = "com.apple.product-type.application";
		};
		6970B6442EBC90590003DB83 /* FoodScanTests */ = {
			isa = PBXNativeTarget;
			buildConfigurationList = 6970B65C2EBC90590003DB83 /* Build configuration list for PBXNativeTarget "FoodScanTests" */;
			buildPhases = (
				6970B6412EBC90590003DB83 /* Sources */,
				6970B6422EBC90590003DB83 /* Frameworks */,
				6970B6432EBC90590003DB83 /* Resources */,
			);
			buildRules = (
			);
			dependencies = (
				6970B6472EBC90590003DB83 /* PBXTargetDependency */,
			);
			fileSystemSynchronizedGroups = (
				6970B6482EBC90590003DB83 /* FoodScanTests */,
			);
			name = FoodScanTests;
			packageProductDependencies = (
			);
			productName = FoodScanTests;
			productReference = 6970B6452EBC90590003DB83 /* FoodScanTests.xctest */;
			productType = "com.apple.product-type.bundle.unit-test";
		};
		6970B64E2EBC90590003DB83 /* FoodScanUITests */ = {
			isa = PBXNativeTarget;
			buildConfigurationList = 6970B65F2EBC90590003DB83 /* Build configuration list for PBXNativeTarget "FoodScanUITests" */;
			buildPhases = (
				6970B64B2EBC90590003DB83 /* Sources */,
				6970B64C2EBC90590003DB83 /* Frameworks */,
				6970B64D2EBC90590003DB83 /* Resources */,
			);
			buildRules = (
			);
			dependencies = (
				6970B6512EBC90590003DB83 /* PBXTargetDependency */,
			);
			fileSystemSynchronizedGroups = (
				6970B6522EBC90590003DB83 /* FoodScanUITests */,
			);
			name = FoodScanUITests;
			packageProductDependencies = (
			);
			productName = FoodScanUITests;
			productReference = 6970B64F2EBC90590003DB83 /* FoodScanUITests.xctest */;
			productType = "com.apple.product-type.bundle.ui-testing";
		};
/* End PBXNativeTarget section */

/* Begin PBXProject section */
		6970B6302EBC90560003DB83 /* Project object */ = {
			isa = PBXProject;
			attributes = {
				BuildIndependentTargetsInParallel = 1;
				LastSwiftUpdateCheck = 1640;
				LastUpgradeCheck = 1640;
				TargetAttributes = {
					6970B6372EBC90560003DB83 = {
						CreatedOnToolsVersion = 16.4;
					};
					6970B6442EBC90590003DB83 = {
						CreatedOnToolsVersion = 16.4;
						TestTargetID = 6970B6372EBC90560003DB83;
					};
					6970B64E2EBC90590003DB83 = {
						CreatedOnToolsVersion = 16.4;
						TestTargetID = 6970B6372EBC90560003DB83;
					};
				};
			};
			buildConfigurationList = 6970B6332EBC90560003DB83 /* Build configuration list for PBXProject "FoodScan" */;
			developmentRegion = en;
			hasScannedForEncodings = 0;
			knownRegions = (
				en,
				Base,
			);
			mainGroup = 6970B62F2EBC90560003DB83;
			minimizedProjectReferenceProxies = 1;
			preferredProjectObjectVersion = 77;
			productRefGroup = 6970B6392EBC90560003DB83 /* Products */;
			projectDirPath = "";
			projectRoot = "";
			targets = (
				6970B6372EBC90560003DB83 /* FoodScan */,
				6970B6442EBC90590003DB83 /* FoodScanTests */,
				6970B64E2EBC90590003DB83 /* FoodScanUITests */,
			);
		};
/* End PBXProject section */

/* Begin PBXResourcesBuildPhase section */
		6970B6362EBC90560003DB83 /* Resources */ = {
			isa = PBXResourcesBuildPhase;
			buildActionMask = 2147483647;
			files = (
				6970B6682EBED9F40003DB83 /* Assets.xcassets in Resources */,
			);
			runOnlyForDeploymentPostprocessing = 0;
		};
		6970B6432EBC90590003DB83 /* Resources */ = {
			isa = PBXResourcesBuildPhase;
			buildActionMask = 2147483647;
			files = (
			);
			runOnlyForDeploymentPostprocessing = 0;
		};
		6970B64D2EBC90590003DB83 /* Resources */ = {
			isa = PBXResourcesBuildPhase;
			buildActionMask = 2147483647;
			files = (
			);
			runOnlyForDeploymentPostprocessing = 0;
		};
/* End PBXResourcesBuildPhase section */

/* Begin PBXSourcesBuildPhase section */
		6970B6342EBC90560003DB83 /* Sources */ = {
			isa = PBXSourcesBuildPhase;
			buildActionMask = 2147483647;
			files = (
				6970B6792EC0B1F10003DB83 /* OpenFoodFactsAPIError.swift in Sources */,
				6970B6A62EC0EC980003DB83 /* SelectSearchTypeView.swift in Sources */,
				6970B66A2EBED9F40003DB83 /* FoodScanApp.swift in Sources */,
				6970B6A92EC0F0700003DB83 /* Router.swift in Sources */,
				6970B6B12EC196600003DB83 /* SearchResultDetailView.swift in Sources */,
				6970B6742EC07B4C0003DB83 /* OpenFoodFactsAPI.swift in Sources */,
				6970B6A42EC0E9C20003DB83 /* RootView.swift in Sources */,
				6970B6AD2EC195F30003DB83 /* BarcodeSearchView.swift in Sources */,
				6970B66E2EBEDA300003DB83 /* SearchResponseEntity.swift in Sources */,
				6970B6AF2EC1961C0003DB83 /* TextSearchView.swift in Sources */,
				6970B6A22EC0E98B0003DB83 /* SplashScreenView.swift in Sources */,
				6970B6AB2EC195E60003DB83 /* SearchResultView.swift in Sources */,
			);
			runOnlyForDeploymentPostprocessing = 0;
		};
		6970B6412EBC90590003DB83 /* Sources */ = {
			isa = PBXSourcesBuildPhase;
			buildActionMask = 2147483647;
			files = (
				6970B6732EC07B4C0003DB83 /* OpenFoodFactsAPI.swift in Sources */,
			);
			runOnlyForDeploymentPostprocessing = 0;
		};
		6970B64B2EBC90590003DB83 /* Sources */ = {
			isa = PBXSourcesBuildPhase;
			buildActionMask = 2147483647;
			files = (
			);
			runOnlyForDeploymentPostprocessing = 0;
		};
/* End PBXSourcesBuildPhase section */

/* Begin PBXTargetDependency section */
		6970B6472EBC90590003DB83 /* PBXTargetDependency */ = {
			isa = PBXTargetDependency;
			target = 6970B6372EBC90560003DB83 /* FoodScan */;
			targetProxy = 6970B6462EBC90590003DB83 /* PBXContainerItemProxy */;
		};
		6970B6512EBC90590003DB83 /* PBXTargetDependency */ = {
			isa = PBXTargetDependency;
			target = 6970B6372EBC90560003DB83 /* FoodScan */;
			targetProxy = 6970B6502EBC90590003DB83 /* PBXContainerItemProxy */;
		};
/* End PBXTargetDependency section */

/* Begin XCBuildConfiguration section */
		6970B6572EBC90590003DB83 /* Debug */ = {
			isa = XCBuildConfiguration;
			buildSettings = {
				ALWAYS_SEARCH_USER_PATHS = NO;
				ASSETCATALOG_COMPILER_GENERATE_SWIFT_ASSET_SYMBOL_EXTENSIONS = YES;
				CLANG_ANALYZER_NONNULL = YES;
				CLANG_ANALYZER_NUMBER_OBJECT_CONVERSION = YES_AGGRESSIVE;
				CLANG_CXX_LANGUAGE_STANDARD = "gnu++20";
				CLANG_ENABLE_MODULES = YES;
				CLANG_ENABLE_OBJC_ARC = YES;
				CLANG_ENABLE_OBJC_WEAK = YES;
				CLANG_WARN_BLOCK_CAPTURE_AUTORELEASING = YES;
				CLANG_WARN_BOOL_CONVERSION = YES;
				CLANG_WARN_COMMA = YES;
				CLANG_WARN_CONSTANT_CONVERSION = YES;
				CLANG_WARN_DEPRECATED_OBJC_IMPLEMENTATIONS = YES;
				CLANG_WARN_DIRECT_OBJC_ISA_USAGE = YES_ERROR;
				CLANG_WARN_DOCUMENTATION_COMMENTS = YES;
				CLANG_WARN_EMPTY_BODY = YES;
				CLANG_WARN_ENUM_CONVERSION = YES;
				CLANG_WARN_INFINITE_RECURSION = YES;
				CLANG_WARN_INT_CONVERSION = YES;
				CLANG_WARN_NON_LITERAL_NULL_CONVERSION = YES;
				CLANG_WARN_OBJC_IMPLICIT_RETAIN_SELF = YES;
				CLANG_WARN_OBJC_LITERAL_CONVERSION = YES;
				CLANG_WARN_OBJC_ROOT_CLASS = YES_ERROR;
				CLANG_WARN_QUOTED_INCLUDE_IN_FRAMEWORK_HEADER = YES;
				CLANG_WARN_RANGE_LOOP_ANALYSIS = YES;
				CLANG_WARN_STRICT_PROTOTYPES = YES;
				CLANG_WARN_SUSPICIOUS_MOVE = YES;
				CLANG_WARN_UNGUARDED_AVAILABILITY = YES_AGGRESSIVE;
				CLANG_WARN_UNREACHABLE_CODE = YES;
				CLANG_WARN__DUPLICATE_METHOD_MATCH = YES;
				COPY_PHASE_STRIP = NO;
				DEBUG_INFORMATION_FORMAT = dwarf;
				DEVELOPMENT_TEAM = 6NMWZ48XL4;
				ENABLE_STRICT_OBJC_MSGSEND = YES;
				ENABLE_TESTABILITY = YES;
				ENABLE_USER_SCRIPT_SANDBOXING = YES;
				GCC_C_LANGUAGE_STANDARD = gnu17;
				GCC_DYNAMIC_NO_PIC = NO;
				GCC_NO_COMMON_BLOCKS = YES;
				GCC_OPTIMIZATION_LEVEL = 0;
				GCC_PREPROCESSOR_DEFINITIONS = (
					"DEBUG=1",
					"$(inherited)",
				);
				GCC_WARN_64_TO_32_BIT_CONVERSION = YES;
				GCC_WARN_ABOUT_RETURN_TYPE = YES_ERROR;
				GCC_WARN_UNDECLARED_SELECTOR = YES;
				GCC_WARN_UNINITIALIZED_AUTOS = YES_AGGRESSIVE;
				GCC_WARN_UNUSED_FUNCTION = YES;
				GCC_WARN_UNUSED_VARIABLE = YES;
				IPHONEOS_DEPLOYMENT_TARGET = 18.5;
				LOCALIZATION_PREFERS_STRING_CATALOGS = YES;
				MTL_ENABLE_DEBUG_INFO = INCLUDE_SOURCE;
				MTL_FAST_MATH = YES;
				ONLY_ACTIVE_ARCH = YES;
				SDKROOT = iphoneos;
				SWIFT_ACTIVE_COMPILATION_CONDITIONS = "DEBUG $(inherited)";
				SWIFT_OPTIMIZATION_LEVEL = "-Onone";
			};
			name = Debug;
		};
		6970B6582EBC90590003DB83 /* Release */ = {
			isa = XCBuildConfiguration;
			buildSettings = {
				ALWAYS_SEARCH_USER_PATHS = NO;
				ASSETCATALOG_COMPILER_GENERATE_SWIFT_ASSET_SYMBOL_EXTENSIONS = YES;
				CLANG_ANALYZER_NONNULL = YES;
				CLANG_ANALYZER_NUMBER_OBJECT_CONVERSION = YES_AGGRESSIVE;
				CLANG_CXX_LANGUAGE_STANDARD = "gnu++20";
				CLANG_ENABLE_MODULES = YES;
				CLANG_ENABLE_OBJC_ARC = YES;
				CLANG_ENABLE_OBJC_WEAK = YES;
				CLANG_WARN_BLOCK_CAPTURE_AUTORELEASING = YES;
				CLANG_WARN_BOOL_CONVERSION = YES;
				CLANG_WARN_COMMA = YES;
				CLANG_WARN_CONSTANT_CONVERSION = YES;
				CLANG_WARN_DEPRECATED_OBJC_IMPLEMENTATIONS = YES;
				CLANG_WARN_DIRECT_OBJC_ISA_USAGE = YES_ERROR;
				CLANG_WARN_DOCUMENTATION_COMMENTS = YES;
				CLANG_WARN_EMPTY_BODY = YES;
				CLANG_WARN_ENUM_CONVERSION = YES;
				CLANG_WARN_INFINITE_RECURSION = YES;
				CLANG_WARN_INT_CONVERSION = YES;
				CLANG_WARN_NON_LITERAL_NULL_CONVERSION = YES;
				CLANG_WARN_OBJC_IMPLICIT_RETAIN_SELF = YES;
				CLANG_WARN_OBJC_LITERAL_CONVERSION = YES;
				CLANG_WARN_OBJC_ROOT_CLASS = YES_ERROR;
				CLANG_WARN_QUOTED_INCLUDE_IN_FRAMEWORK_HEADER = YES;
				CLANG_WARN_RANGE_LOOP_ANALYSIS = YES;
				CLANG_WARN_STRICT_PROTOTYPES = YES;
				CLANG_WARN_SUSPICIOUS_MOVE = YES;
				CLANG_WARN_UNGUARDED_AVAILABILITY = YES_AGGRESSIVE;
				CLANG_WARN_UNREACHABLE_CODE = YES;
				CLANG_WARN__DUPLICATE_METHOD_MATCH = YES;
				COPY_PHASE_STRIP = NO;
				DEBUG_INFORMATION_FORMAT = "dwarf-with-dsym";
				DEVELOPMENT_TEAM = 6NMWZ48XL4;
				ENABLE_NS_ASSERTIONS = NO;
				ENABLE_STRICT_OBJC_MSGSEND = YES;
				ENABLE_USER_SCRIPT_SANDBOXING = YES;
				GCC_C_LANGUAGE_STANDARD = gnu17;
				GCC_NO_COMMON_BLOCKS = YES;
				GCC_WARN_64_TO_32_BIT_CONVERSION = YES;
				GCC_WARN_ABOUT_RETURN_TYPE = YES_ERROR;
				GCC_WARN_UNDECLARED_SELECTOR = YES;
				GCC_WARN_UNINITIALIZED_AUTOS = YES_AGGRESSIVE;
				GCC_WARN_UNUSED_FUNCTION = YES;
				GCC_WARN_UNUSED_VARIABLE = YES;
				IPHONEOS_DEPLOYMENT_TARGET = 18.5;
				LOCALIZATION_PREFERS_STRING_CATALOGS = YES;
				MTL_ENABLE_DEBUG_INFO = NO;
				MTL_FAST_MATH = YES;
				SDKROOT = iphoneos;
				SWIFT_COMPILATION_MODE = wholemodule;
				VALIDATE_PRODUCT = YES;
			};
			name = Release;
		};
		6970B65A2EBC90590003DB83 /* Debug */ = {
			isa = XCBuildConfiguration;
			buildSettings = {
				ASSETCATALOG_COMPILER_APPICON_NAME = AppIcon;
				ASSETCATALOG_COMPILER_GLOBAL_ACCENT_COLOR_NAME = AccentColor;
				CODE_SIGN_STYLE = Automatic;
				CURRENT_PROJECT_VERSION = 1;
				DEVELOPMENT_TEAM = 6NMWZ48XL4;
				ENABLE_PREVIEWS = YES;
				GENERATE_INFOPLIST_FILE = YES;
				INFOPLIST_KEY_UIApplicationSceneManifest_Generation = YES;
				INFOPLIST_KEY_UIApplicationSupportsIndirectInputEvents = YES;
				INFOPLIST_KEY_UILaunchScreen_Generation = YES;
				INFOPLIST_KEY_UISupportedInterfaceOrientations_iPad = "UIInterfaceOrientationPortrait UIInterfaceOrientationPortraitUpsideDown UIInterfaceOrientationLandscapeLeft UIInterfaceOrientationLandscapeRight";
				INFOPLIST_KEY_UISupportedInterfaceOrientations_iPhone = "UIInterfaceOrientationPortrait UIInterfaceOrientationLandscapeLeft UIInterfaceOrientationLandscapeRight";
				IPHONEOS_DEPLOYMENT_TARGET = 18.5;
				LD_RUNPATH_SEARCH_PATHS = (
					"$(inherited)",
					"@executable_path/Frameworks",
				);
				MARKETING_VERSION = 1.0;
				PRODUCT_BUNDLE_IDENTIFIER = com.sako.FoodScan;
				PRODUCT_NAME = "$(TARGET_NAME)";
				SWIFT_EMIT_LOC_STRINGS = YES;
				SWIFT_VERSION = 5.0;
				TARGETED_DEVICE_FAMILY = "1,2";
			};
			name = Debug;
		};
		6970B65B2EBC90590003DB83 /* Release */ = {
			isa = XCBuildConfiguration;
			buildSettings = {
				ASSETCATALOG_COMPILER_APPICON_NAME = AppIcon;
				ASSETCATALOG_COMPILER_GLOBAL_ACCENT_COLOR_NAME = AccentColor;
				CODE_SIGN_STYLE = Automatic;
				CURRENT_PROJECT_VERSION = 1;
				DEVELOPMENT_TEAM = 6NMWZ48XL4;
				ENABLE_PREVIEWS = YES;
				GENERATE_INFOPLIST_FILE = YES;
				INFOPLIST_KEY_UIApplicationSceneManifest_Generation = YES;
				INFOPLIST_KEY_UIApplicationSupportsIndirectInputEvents = YES;
				INFOPLIST_KEY_UILaunchScreen_Generation = YES;
				INFOPLIST_KEY_UISupportedInterfaceOrientations_iPad = "UIInterfaceOrientationPortrait UIInterfaceOrientationPortraitUpsideDown UIInterfaceOrientationLandscapeLeft UIInterfaceOrientationLandscapeRight";
				INFOPLIST_KEY_UISupportedInterfaceOrientations_iPhone = "UIInterfaceOrientationPortrait UIInterfaceOrientationLandscapeLeft UIInterfaceOrientationLandscapeRight";
				IPHONEOS_DEPLOYMENT_TARGET = 18.5;
				LD_RUNPATH_SEARCH_PATHS = (
					"$(inherited)",
					"@executable_path/Frameworks",
				);
				MARKETING_VERSION = 1.0;
				PRODUCT_BUNDLE_IDENTIFIER = com.sako.FoodScan;
				PRODUCT_NAME = "$(TARGET_NAME)";
				SWIFT_EMIT_LOC_STRINGS = YES;
				SWIFT_VERSION = 5.0;
				TARGETED_DEVICE_FAMILY = "1,2";
			};
			name = Release;
		};
		6970B65D2EBC90590003DB83 /* Debug */ = {
			isa = XCBuildConfiguration;
			buildSettings = {
				BUNDLE_LOADER = "$(TEST_HOST)";
				CODE_SIGN_STYLE = Automatic;
				CURRENT_PROJECT_VERSION = 1;
				DEVELOPMENT_TEAM = 6NMWZ48XL4;
				GENERATE_INFOPLIST_FILE = YES;
				IPHONEOS_DEPLOYMENT_TARGET = 18.5;
				MARKETING_VERSION = 1.0;
				PRODUCT_BUNDLE_IDENTIFIER = com.sako.FoodScanTests;
				PRODUCT_NAME = "$(TARGET_NAME)";
				SWIFT_EMIT_LOC_STRINGS = NO;
				SWIFT_VERSION = 5.0;
				TARGETED_DEVICE_FAMILY = "1,2";
				TEST_HOST = "$(BUILT_PRODUCTS_DIR)/FoodScan.app/$(BUNDLE_EXECUTABLE_FOLDER_PATH)/FoodScan";
			};
			name = Debug;
		};
		6970B65E2EBC90590003DB83 /* Release */ = {
			isa = XCBuildConfiguration;
			buildSettings = {
				BUNDLE_LOADER = "$(TEST_HOST)";
				CODE_SIGN_STYLE = Automatic;
				CURRENT_PROJECT_VERSION = 1;
				DEVELOPMENT_TEAM = 6NMWZ48XL4;
				GENERATE_INFOPLIST_FILE = YES;
				IPHONEOS_DEPLOYMENT_TARGET = 18.5;
				MARKETING_VERSION = 1.0;
				PRODUCT_BUNDLE_IDENTIFIER = com.sako.FoodScanTests;
				PRODUCT_NAME = "$(TARGET_NAME)";
				SWIFT_EMIT_LOC_STRINGS = NO;
				SWIFT_VERSION = 5.0;
				TARGETED_DEVICE_FAMILY = "1,2";
				TEST_HOST = "$(BUILT_PRODUCTS_DIR)/FoodScan.app/$(BUNDLE_EXECUTABLE_FOLDER_PATH)/FoodScan";
			};
			name = Release;
		};
		6970B6602EBC90590003DB83 /* Debug */ = {
			isa = XCBuildConfiguration;
			buildSettings = {
				CODE_SIGN_STYLE = Automatic;
				CURRENT_PROJECT_VERSION = 1;
				DEVELOPMENT_TEAM = 6NMWZ48XL4;
				GENERATE_INFOPLIST_FILE = YES;
				MARKETING_VERSION = 1.0;
				PRODUCT_BUNDLE_IDENTIFIER = com.sako.FoodScanUITests;
				PRODUCT_NAME = "$(TARGET_NAME)";
				SWIFT_EMIT_LOC_STRINGS = NO;
				SWIFT_VERSION = 5.0;
				TARGETED_DEVICE_FAMILY = "1,2";
				TEST_TARGET_NAME = FoodScan;
			};
			name = Debug;
		};
		6970B6612EBC90590003DB83 /* Release */ = {
			isa = XCBuildConfiguration;
			buildSettings = {
				CODE_SIGN_STYLE = Automatic;
				CURRENT_PROJECT_VERSION = 1;
				DEVELOPMENT_TEAM = 6NMWZ48XL4;
				GENERATE_INFOPLIST_FILE = YES;
				MARKETING_VERSION = 1.0;
				PRODUCT_BUNDLE_IDENTIFIER = com.sako.FoodScanUITests;
				PRODUCT_NAME = "$(TARGET_NAME)";
				SWIFT_EMIT_LOC_STRINGS = NO;
				SWIFT_VERSION = 5.0;
				TARGETED_DEVICE_FAMILY = "1,2";
				TEST_TARGET_NAME = FoodScan;
			};
			name = Release;
		};
/* End XCBuildConfiguration section */

/* Begin XCConfigurationList section */
		6970B6332EBC90560003DB83 /* Build configuration list for PBXProject "FoodScan" */ = {
			isa = XCConfigurationList;
			buildConfigurations = (
				6970B6572EBC90590003DB83 /* Debug */,
				6970B6582EBC90590003DB83 /* Release */,
			);
			defaultConfigurationIsVisible = 0;
			defaultConfigurationName = Release;
		};
		6970B6592EBC90590003DB83 /* Build configuration list for PBXNativeTarget "FoodScan" */ = {
			isa = XCConfigurationList;
			buildConfigurations = (
				6970B65A2EBC90590003DB83 /* Debug */,
				6970B65B2EBC90590003DB83 /* Release */,
			);
			defaultConfigurationIsVisible = 0;
			defaultConfigurationName = Release;
		};
		6970B65C2EBC90590003DB83 /* Build configuration list for PBXNativeTarget "FoodScanTests" */ = {
			isa = XCConfigurationList;
			buildConfigurations = (
				6970B65D2EBC90590003DB83 /* Debug */,
				6970B65E2EBC90590003DB83 /* Release */,
			);
			defaultConfigurationIsVisible = 0;
			defaultConfigurationName = Release;
		};
		6970B65F2EBC90590003DB83 /* Build configuration list for PBXNativeTarget "FoodScanUITests" */ = {
			isa = XCConfigurationList;
			buildConfigurations = (
				6970B6602EBC90590003DB83 /* Debug */,
				6970B6612EBC90590003DB83 /* Release */,
			);
			defaultConfigurationIsVisible = 0;
			defaultConfigurationName = Release;
		};
/* End XCConfigurationList section */
	};
	rootObject = 6970B6302EBC90560003DB83 /* Project object */;
}
